{
  "name": "a01-nymanka",
  "version": "0.0.1",
  "lockfileVersion": 2,
  "requires": true,
  "packages": {
    "": {
      "name": "a01-nymanka",
      "version": "0.0.1",
      "license": "GPL-3.0-or-later",
      "dependencies": {
        "minimist": "^1.2.6",
        "wget": "0.0.1"
      }
    },
    "node_modules/minimist": {
      "version": "1.2.6",
      "resolved": "https://registry.npmjs.org/minimist/-/minimist-1.2.6.tgz",
      "integrity": "sha512-Jsjnk4bw3YJqYzbdyBiNsPWHPfO++UGG749Cxs6peCu5Xg4nrena6OVxOYxrQTqww0Jmwt+Ref8rggumkTLz9Q=="
    },
    "node_modules/tunnel": {
      "version": "0.0.2",
      "resolved": "https://registry.npmjs.org/tunnel/-/tunnel-0.0.2.tgz",
      "integrity": "sha1-8jvNi3p7ioZCYbIIT2b5MZM5YzQ=",
      "engines": {
        "node": ">=0.6.11 <=0.7.0 || >=0.7.3"
      }
    },
    "node_modules/wget": {
      "version": "0.0.1",
      "resolved": "https://registry.npmjs.org/wget/-/wget-0.0.1.tgz",
      "integrity": "sha1-i7ga8LjmC13yYtPIHlc34fSTHlM=",
      "dependencies": {
        "tunnel": "0.0.2"
      },
      "bin": {
        "nwget": "bin/nwget.js"
      },
      "engines": {
        "node": ">= 0.6.18"
      }
    }
  },
  "dependencies": {
    "minimist": {
      "version": "1.2.6",
      "resolved": "https://registry.npmjs.org/minimist/-/minimist-1.2.6.tgz",
      "integrity": "sha512-Jsjnk4bw3YJqYzbdyBiNsPWHPfO++UGG749Cxs6peCu5Xg4nrena6OVxOYxrQTqww0Jmwt+Ref8rggumkTLz9Q=="
    },
    "tunnel": {
      "version": "0.0.2",
      "resolved": "https://registry.npmjs.org/tunnel/-/tunnel-0.0.2.tgz",
      "integrity": "sha1-8jvNi3p7ioZCYbIIT2b5MZM5YzQ="
    },
    "wget": {
      "version": "0.0.1",
      "resolved": "https://registry.npmjs.org/wget/-/wget-0.0.1.tgz",
      "integrity": "sha1-i7ga8LjmC13yYtPIHlc34fSTHlM=",
      "requires": {
        "tunnel": "0.0.2"
      }
    }
  }
}
